Microsoft Visual Studio Solution File, Format Version 12.00
# Visual Studio 15
VisualStudioVersion = 15.0.27130.2027
MinimumVisualStudioVersion = 10.0.40219.1
Project("{2150E333-8FDC-42A3-9474-1A3956D46DE8}") = "src", "src", "{FCDB6BB4-4480-4E16-BC5C-07BD16D2AE07}"
EndProject
Project("{2150E333-8FDC-42A3-9474-1A3956D46DE8}") = "test", "test", "{0A843898-7167-4E24-BC89-A71087DAEBB8}"
EndProject
Project("{9A19103F-16F7-4668-BE54-9A1E7A4F7556}") = "Maxfire.Prelude.ComponentModel.TypeConverter", "src\Maxfire.Prelude.ComponentModel.TypeConverter\Maxfire.Prelude.ComponentModel.TypeConverter.csproj", "{BAC8A950-038E-4B17-8B9C-74B8823E0D06}"
EndProject
Project("{9A19103F-16F7-4668-BE54-9A1E7A4F7556}") = "Maxfire.Prelude.Core", "src\Maxfire.Prelude.Core\Maxfire.Prelude.Core.csproj", "{4219AE61-54CD-41D9-AFFE-678CAA1520F3}"
EndProject
Project("{9A19103F-16F7-4668-BE54-9A1E7A4F7556}") = "Maxfire.Prelude.ComponentModel.TypeConverter.Tests", "test\Maxfire.Prelude.ComponentModel.TypeConverter.Tests\Maxfire.Prelude.ComponentModel.TypeConverter.Tests.csproj", "{981FBF25-C5BF-4705-BD04-F60DB8252942}"
EndProject
Project("{9A19103F-16F7-4668-BE54-9A1E7A4F7556}") = "Maxfire.Prelude.Core.Tests", "test\Maxfire.Prelude.Core.Tests\Maxfire.Prelude.Core.Tests.csproj", "{C090889C-CB35-4D8F-B806-79DFA2AF9A61}"
EndProject
Global
	GlobalSection(SolutionConfigurationPlatforms) = preSolution
		Debug|Any CPU = Debug|Any CPU
		Debug|x64 = Debug|x64
		Debug|x86 = Debug|x86
		Release|Any CPU = Release|Any CPU
		Release|x64 = Release|x64
		Release|x86 = Release|x86
	EndGlobalSection
	GlobalSection(ProjectConfigurationPlatforms) = postSolution
		{BAC8A950-038E-4B17-8B9C-74B8823E0D06}.Debug|Any CPU.ActiveCfg = Debug|Any CPU
		{BAC8A950-038E-4B17-8B9C-74B8823E0D06}.Debug|Any CPU.Build.0 = Debug|Any CPU
		{BAC8A950-038E-4B17-8B9C-74B8823E0D06}.Debug|x64.ActiveCfg = Debug|Any CPU
		{BAC8A950-038E-4B17-8B9C-74B8823E0D06}.Debug|x64.Build.0 = Debug|Any CPU
		{BAC8A950-038E-4B17-8B9C-74B8823E0D06}.Debug|x86.ActiveCfg = Debug|Any CPU
		{BAC8A950-038E-4B17-8B9C-74B8823E0D06}.Debug|x86.Build.0 = Debug|Any CPU
		{BAC8A950-038E-4B17-8B9C-74B8823E0D06}.Release|Any CPU.ActiveCfg = Release|Any CPU
		{BAC8A950-038E-4B17-8B9C-74B8823E0D06}.Release|Any CPU.Build.0 = Release|Any CPU
		{BAC8A950-038E-4B17-8B9C-74B8823E0D06}.Release|x64.ActiveCfg = Release|Any CPU
		{BAC8A950-038E-4B17-8B9C-74B8823E0D06}.Release|x64.Build.0 = Release|Any CPU
		{BAC8A950-038E-4B17-8B9C-74B8823E0D06}.Release|x86.ActiveCfg = Release|Any CPU
		{BAC8A950-038E-4B17-8B9C-74B8823E0D06}.Release|x86.Build.0 = Release|Any CPU
		{4219AE61-54CD-41D9-AFFE-678CAA1520F3}.Debug|Any CPU.ActiveCfg = Debug|Any CPU
		{4219AE61-54CD-41D9-AFFE-678CAA1520F3}.Debug|Any CPU.Build.0 = Debug|Any CPU
		{4219AE61-54CD-41D9-AFFE-678CAA1520F3}.Debug|x64.ActiveCfg = Debug|Any CPU
		{4219AE61-54CD-41D9-AFFE-678CAA1520F3}.Debug|x64.Build.0 = Debug|Any CPU
		{4219AE61-54CD-41D9-AFFE-678CAA1520F3}.Debug|x86.ActiveCfg = Debug|Any CPU
		{4219AE61-54CD-41D9-AFFE-678CAA1520F3}.Debug|x86.Build.0 = Debug|Any CPU
		{4219AE61-54CD-41D9-AFFE-678CAA1520F3}.Release|Any CPU.ActiveCfg = Release|Any CPU
		{4219AE61-54CD-41D9-AFFE-678CAA1520F3}.Release|Any CPU.Build.0 = Release|Any CPU
		{4219AE61-54CD-41D9-AFFE-678CAA1520F3}.Release|x64.ActiveCfg = Release|Any CPU
		{4219AE61-54CD-41D9-AFFE-678CAA1520F3}.Release|x64.Build.0 = Release|Any CPU
		{4219AE61-54CD-41D9-AFFE-678CAA1520F3}.Release|x86.ActiveCfg = Release|Any CPU
		{4219AE61-54CD-41D9-AFFE-678CAA1520F3}.Release|x86.Build.0 = Release|Any CPU
		{981FBF25-C5BF-4705-BD04-F60DB8252942}.Debug|Any CPU.ActiveCfg = Debug|Any CPU
		{981FBF25-C5BF-4705-BD04-F60DB8252942}.Debug|Any CPU.Build.0 = Debug|Any CPU
		{981FBF25-C5BF-4705-BD04-F60DB8252942}.Debug|x64.ActiveCfg = Debug|Any CPU
		{981FBF25-C5BF-4705-BD04-F60DB8252942}.Debug|x64.Build.0 = Debug|Any CPU
		{981FBF25-C5BF-4705-BD04-F60DB8252942}.Debug|x86.ActiveCfg = Debug|Any CPU
		{981FBF25-C5BF-4705-BD04-F60DB8252942}.Debug|x86.Build.0 = Debug|Any CPU
		{981FBF25-C5BF-4705-BD04-F60DB8252942}.Release|Any CPU.ActiveCfg = Release|Any CPU
		{981FBF25-C5BF-4705-BD04-F60DB8252942}.Release|Any CPU.Build.0 = Release|Any CPU
		{981FBF25-C5BF-4705-BD04-F60DB8252942}.Release|x64.ActiveCfg = Release|Any CPU
		{981FBF25-C5BF-4705-BD04-F60DB8252942}.Release|x64.Build.0 = Release|Any CPU
		{981FBF25-C5BF-4705-BD04-F60DB8252942}.Release|x86.ActiveCfg = Release|Any CPU
		{981FBF25-C5BF-4705-BD04-F60DB8252942}.Release|x86.Build.0 = Release|Any CPU
		{C090889C-CB35-4D8F-B806-79DFA2AF9A61}.Debug|Any CPU.ActiveCfg = Debug|Any CPU
		{C090889C-CB35-4D8F-B806-79DFA2AF9A61}.Debug|Any CPU.Build.0 = Debug|Any CPU
		{C090889C-CB35-4D8F-B806-79DFA2AF9A61}.Debug|x64.ActiveCfg = Debug|Any CPU
		{C090889C-CB35-4D8F-B806-79DFA2AF9A61}.Debug|x64.Build.0 = Debug|Any CPU
		{C090889C-CB35-4D8F-B806-79DFA2AF9A61}.Debug|x86.ActiveCfg = Debug|Any CPU
		{C090889C-CB35-4D8F-B806-79DFA2AF9A61}.Debug|x86.Build.0 = Debug|Any CPU
		{C090889C-CB35-4D8F-B806-79DFA2AF9A61}.Release|Any CPU.ActiveCfg = Release|Any CPU
		{C090889C-CB35-4D8F-B806-79DFA2AF9A61}.Release|Any CPU.Build.0 = Release|Any CPU
		{C090889C-CB35-4D8F-B806-79DFA2AF9A61}.Release|x64.ActiveCfg = Release|Any CPU
		{C090889C-CB35-4D8F-B806-79DFA2AF9A61}.Release|x64.Build.0 = Release|Any CPU
		{C090889C-CB35-4D8F-B806-79DFA2AF9A61}.Release|x86.ActiveCfg = Release|Any CPU
		{C090889C-CB35-4D8F-B806-79DFA2AF9A61}.Release|x86.Build.0 = Release|Any CPU
	EndGlobalSection
	GlobalSection(SolutionProperties) = preSolution
		HideSolutionNode = FALSE
	EndGlobalSection
	GlobalSection(NestedProjects) = preSolution
		{BAC8A950-038E-4B17-8B9C-74B8823E0D06} = {FCDB6BB4-4480-4E16-BC5C-07BD16D2AE07}
		{4219AE61-54CD-41D9-AFFE-678CAA1520F3} = {FCDB6BB4-4480-4E16-BC5C-07BD16D2AE07}
		{981FBF25-C5BF-4705-BD04-F60DB8252942} = {0A843898-7167-4E24-BC89-A71087DAEBB8}
		{C090889C-CB35-4D8F-B806-79DFA2AF9A61} = {0A843898-7167-4E24-BC89-A71087DAEBB8}
	EndGlobalSection
	GlobalSection(ExtensibilityGlobals) = postSolution
		SolutionGuid = {1DA32191-006D-42C0-B4D8-7BDAA4DBF6D8}
	EndGlobalSection
EndGlobal
